
Microsoft Visual Studio Solution File, Format Version 12.00
# Visual Studio Version 17
VisualStudioVersion = 17.12.35514.174
MinimumVisualStudioVersion = 10.0.40219.1
Project("{2150E333-8FDC-42A3-9474-1A3956D46DE8}") = "src", "src", "{15780D57-DF90-4F15-9C43-416AFE28C8F3}"
EndProject
Project("{2150E333-8FDC-42A3-9474-1A3956D46DE8}") = "ApiGateways", "ApiGateways", "{4422C5DE-412C-4E91-B8E5-1A0963BE683C}"
EndProject
Project("{2150E333-8FDC-42A3-9474-1A3956D46DE8}") = "Services", "Services", "{D4E467E6-D712-4021-A7EA-75C49B696D30}"
EndProject
Project("{2150E333-8FDC-42A3-9474-1A3956D46DE8}") = "BuildingBlocks", "BuildingBlocks", "{630062D6-27EE-4DA5-A4CF-C16D409FA569}"
EndProject
Project("{2150E333-8FDC-42A3-9474-1A3956D46DE8}") = "Clients", "Clients", "{1F451B1E-4B03-4442-A5D7-D0B195D569B5}"
EndProject
Project("{2150E333-8FDC-42A3-9474-1A3956D46DE8}") = "EventBus", "EventBus", "{D77CC0E2-03FA-4AEE-B916-615E3295A754}"
EndProject
Project("{2150E333-8FDC-42A3-9474-1A3956D46DE8}") = "WebApiGateway", "WebApiGateway", "{0CCF41E3-E2DA-4CE8-A295-2F380EB07D7E}"
EndProject
Project("{2150E333-8FDC-42A3-9474-1A3956D46DE8}") = "WebApp", "WebApp", "{07031A62-6457-4614-8EA0-09140E3681EF}"
EndProject
Project("{2150E333-8FDC-42A3-9474-1A3956D46DE8}") = "BlazorWebApp", "BlazorWebApp", "{6E15451A-1D59-4262-8DDD-D3F2AE7CE5E4}"
EndProject
Project("{2150E333-8FDC-42A3-9474-1A3956D46DE8}") = "CatalogService", "CatalogService", "{5C64CDFA-B814-49C8-9B76-3F6D6FDC2381}"
EndProject
Project("{2150E333-8FDC-42A3-9474-1A3956D46DE8}") = "BlogService", "BlogService", "{10EF7C19-C8D0-49B4-ACF7-326C8FA7DA2A}"
EndProject
Project("{2150E333-8FDC-42A3-9474-1A3956D46DE8}") = "ContactService", "ContactService", "{9296E4F1-503F-4FB2-9062-C32920C3825F}"
EndProject
Project("{2150E333-8FDC-42A3-9474-1A3956D46DE8}") = "ReservationService", "ReservationService", "{1E754147-478F-472B-8B5D-1EF345FFBBE1}"
EndProject
Project("{2150E333-8FDC-42A3-9474-1A3956D46DE8}") = "StockManagementService", "StockManagementService", "{328620C8-477B-4726-A9B4-5EA3F24C028B}"
EndProject
Project("{2150E333-8FDC-42A3-9474-1A3956D46DE8}") = "PaymentService", "PaymentService", "{08A8B031-3ACA-4CC2-BF5C-5E60A107106E}"
EndProject
Project("{2150E333-8FDC-42A3-9474-1A3956D46DE8}") = "RentalHistoryService", "RentalHistoryService", "{387B5ECD-9FFE-4137-8F2A-65D03FEB9F68}"
EndProject
Project("{FAE04EC0-301F-11D3-BF4B-00C04F79EFBC}") = "SkyWheels.RentalHistory.API", "src\Services\RentalHistoryService\SkyWheels.RentalHistory.API\SkyWheels.RentalHistory.API.csproj", "{792F44B9-73D0-4B87-8342-7F843591D136}"
EndProject
Project("{FAE04EC0-301F-11D3-BF4B-00C04F79EFBC}") = "SkyWheels.Reservation.API", "src\Services\ReservationService\SkyWheels.Reservation.API\SkyWheels.Reservation.API.csproj", "{9FCC3258-1A10-478D-AD7A-8B387789F2BD}"
EndProject
Project("{FAE04EC0-301F-11D3-BF4B-00C04F79EFBC}") = "SkyWheels.StockManagement.API", "src\Services\StockManagementService\SkyWheels.StockManagement.API\SkyWheels.StockManagement.API.csproj", "{9EACF617-0444-4D14-961E-4FE4D4AD1475}"
EndProject
Project("{FAE04EC0-301F-11D3-BF4B-00C04F79EFBC}") = "SkyWheels.UI", "src\Clients\WebApp\SkyWheels.UI\SkyWheels.UI.csproj", "{078BE627-F9C2-4468-981C-1F0612EFB8EE}"
EndProject
Project("{FAE04EC0-301F-11D3-BF4B-00C04F79EFBC}") = "SkyWheels.Contact.API", "src\Services\ContactService\SkyWheels.Contact.API\SkyWheels.Contact.API.csproj", "{040D5EED-361F-4EA3-8A94-E1D239BFF0BA}"
EndProject
Project("{FAE04EC0-301F-11D3-BF4B-00C04F79EFBC}") = "SkyWheels.OcelotGateway.API", "src\ApiGateways\SkyWheels.OcelotGateway.API\SkyWheels.OcelotGateway.API.csproj", "{CA032909-A597-4EA0-93F5-9730B326406E}"
EndProject
Project("{2150E333-8FDC-42A3-9474-1A3956D46DE8}") = "Modules", "Modules", "{6673C77A-CDF6-4259-8F05-4ACFE25C910C}"
EndProject
Project("{2150E333-8FDC-42A3-9474-1A3956D46DE8}") = "DataAccessLayers", "DataAccessLayers", "{3DC433A7-4C47-4713-929F-54692DD7C994}"
EndProject
Project("{2150E333-8FDC-42A3-9474-1A3956D46DE8}") = "BusinessLayers", "BusinessLayers", "{03B41E5D-18D5-4FB1-8F9B-B5B03B1A3F66}"
EndProject
Project("{2150E333-8FDC-42A3-9474-1A3956D46DE8}") = "DtoLayers", "DtoLayers", "{A22DD707-B227-4EDC-AE6E-BCF30298EECB}"
EndProject
Project("{2150E333-8FDC-42A3-9474-1A3956D46DE8}") = "Tests", "Tests", "{69A18548-DAF5-4EBA-8F68-A69F1C8D2458}"
EndProject
Project("{2150E333-8FDC-42A3-9474-1A3956D46DE8}") = "PresentationLayers", "PresentationLayers", "{9C07E6EE-7729-4D83-A31F-68F0E1FB43CB}"
EndProject
Project("{FAE04EC0-301F-11D3-BF4B-00C04F79EFBC}") = "SkyWheels.Blog.gRPC", "src\Services\BlogService\Modules\Presentation\SkyWheels.Blog.gRPC\SkyWheels.Blog.gRPC.csproj", "{D0AE7CD4-6DC3-4F58-9A8D-F44334AB6718}"
EndProject
Project("{FAE04EC0-301F-11D3-BF4B-00C04F79EFBC}") = "SkyWheels.Blog.BusinessLayer", "src\Services\BlogService\Modules\BusinessLayer\SkyWheels.Blog.BusinessLayer\SkyWheels.Blog.BusinessLayer.csproj", "{1B4AFD04-3C9F-4B93-9A74-8DD1971703BA}"
EndProject
Project("{FAE04EC0-301F-11D3-BF4B-00C04F79EFBC}") = "SkyWheels.Blog.DataAccessLayer", "src\Services\BlogService\Modules\DataAccessLayers\SkyWheels.Blog.DataAccessLayer\SkyWheels.Blog.DataAccessLayer.csproj", "{13EC3630-DABD-495A-B570-9B38E5C9B1FE}"
EndProject
Project("{FAE04EC0-301F-11D3-BF4B-00C04F79EFBC}") = "SkyWheels.Blog.DtoLayer", "src\Services\BlogService\Modules\DtoLayers\SkyWheels.Blog.DtoLayer\SkyWheels.Blog.DtoLayer.csproj", "{598E2BFD-9839-46F8-BAF1-1BBB2994B3F9}"
EndProject
Project("{2150E333-8FDC-42A3-9474-1A3956D46DE8}") = "UnitTests", "UnitTests", "{849DFAED-7A0B-4393-8AF0-DA6F271A9799}"
EndProject
Project("{2150E333-8FDC-42A3-9474-1A3956D46DE8}") = "Modules", "Modules", "{2E27835C-5A80-453E-9D32-1BCB79905B13}"
EndProject
Project("{2150E333-8FDC-42A3-9474-1A3956D46DE8}") = "Tests", "Tests", "{18B1E26A-CEED-4178-89C7-924302208013}"
EndProject
Project("{2150E333-8FDC-42A3-9474-1A3956D46DE8}") = "UnitTests", "UnitTests", "{20A7B3FC-DD25-4556-80A7-B1CBA5DB5536}"
EndProject
Project("{2150E333-8FDC-42A3-9474-1A3956D46DE8}") = "DomainLayers", "DomainLayers", "{6BD12E7C-A742-4F64-8C3A-6F5E4855B0A1}"
EndProject
Project("{2150E333-8FDC-42A3-9474-1A3956D46DE8}") = "ApplicationLayers", "ApplicationLayers", "{3E74A81B-B740-4C8F-AF4C-B14841113298}"
EndProject
Project("{2150E333-8FDC-42A3-9474-1A3956D46DE8}") = "InfrastructureLayers", "InfrastructureLayers", "{E2576980-C16E-4B18-8CCF-BDC36EDB58D5}"
EndProject
Project("{2150E333-8FDC-42A3-9474-1A3956D46DE8}") = "PresentationLayers", "PresentationLayers", "{12C2E2D9-F4CF-4567-AA22-49A1A0F42F24}"
EndProject
Project("{FAE04EC0-301F-11D3-BF4B-00C04F79EFBC}") = "SkyWheels.Catalog.ApplicationLayer", "src\Services\CatalogService\Modules\ApplicationLayers\SkyWheels.Catalog.ApplicationLayer\SkyWheels.Catalog.ApplicationLayer.csproj", "{66E42D46-F476-485A-BE55-2818709E09B0}"
EndProject
Project("{FAE04EC0-301F-11D3-BF4B-00C04F79EFBC}") = "SkyWheels.Catalog.DomainLayer", "src\Services\CatalogService\Modules\DomainLayers\SkyWheels.Catalog.DomainLayer\SkyWheels.Catalog.DomainLayer.csproj", "{EAEC1C22-34ED-4AD3-BAB2-EFC8A0357D65}"
EndProject
Project("{FAE04EC0-301F-11D3-BF4B-00C04F79EFBC}") = "SkyWheels.Catalog.InfrastructureLayer", "src\Services\CatalogService\Modules\InfrastructureLayers\SkyWheels.Catalog.InfrastructureLayer\SkyWheels.Catalog.InfrastructureLayer.csproj", "{0F99DB87-5E9E-4963-85C8-EAEDF65E6DBE}"
EndProject
Project("{FAE04EC0-301F-11D3-BF4B-00C04F79EFBC}") = "SkyWheels.Catalog.gRPC", "src\Services\CatalogService\Modules\PresentationLayers\SkyWheels.Catalog.gRPC\SkyWheels.Catalog.gRPC.csproj", "{8A67749C-1B06-4DF3-AA6C-9BE231808B80}"
EndProject
Project("{2150E333-8FDC-42A3-9474-1A3956D46DE8}") = "Modules", "Modules", "{09816D93-4164-4ED7-9C1E-8951E1BA6618}"
EndProject
Project("{2150E333-8FDC-42A3-9474-1A3956D46DE8}") = "Tests", "Tests", "{15F3C452-59BE-4A07-A55B-9C0D9F2DD5F3}"
EndProject
Project("{2150E333-8FDC-42A3-9474-1A3956D46DE8}") = "ApplicationLayers", "ApplicationLayers", "{7F763F30-F9C5-4685-9C31-0F9BB9E13842}"
EndProject
Project("{2150E333-8FDC-42A3-9474-1A3956D46DE8}") = "DomainLayers", "DomainLayers", "{0D0E7932-186F-471F-82B5-8BC08DD9031D}"
EndProject
Project("{2150E333-8FDC-42A3-9474-1A3956D46DE8}") = "InfrastructureLayers", "InfrastructureLayers", "{E0E269B1-6D79-43E5-951B-EAA21B2AE1B9}"
EndProject
Project("{2150E333-8FDC-42A3-9474-1A3956D46DE8}") = "PresentationLayers", "PresentationLayers", "{19F75D00-02ED-42B4-B21A-8D3CB1578E03}"
EndProject
Project("{FAE04EC0-301F-11D3-BF4B-00C04F79EFBC}") = "SkyWheels.Payment.ApplicationLayer", "src\Services\PaymentService\Modules\ApplicationLayers\SkyWheels.Payment.ApplicationLayer\SkyWheels.Payment.ApplicationLayer.csproj", "{500F8014-6159-43FF-B1B3-3B3665B5E80F}"
EndProject
Project("{FAE04EC0-301F-11D3-BF4B-00C04F79EFBC}") = "SkyWheels.Payment.DomainLayer", "src\Services\PaymentService\Modules\DomainLayers\SkyWheels.Payment.DomainLayer\SkyWheels.Payment.DomainLayer.csproj", "{1EDB0F87-7272-4490-9DDE-3BBCEFADAD41}"
EndProject
Project("{FAE04EC0-301F-11D3-BF4B-00C04F79EFBC}") = "SkyWheels.Payment.InfrastructureLayer", "src\Services\PaymentService\Modules\InfrastructureLayerLayers\SkyWheels.Payment.InfrastructureLayer\SkyWheels.Payment.InfrastructureLayer.csproj", "{98077878-88B9-419F-9C2D-98496E6042F7}"
EndProject
Project("{FAE04EC0-301F-11D3-BF4B-00C04F79EFBC}") = "SkyWheels.Payment.API", "src\Services\PaymentService\Modules\PresentationLayers\SkyWheels.Payment.API\SkyWheels.Payment.API.csproj", "{7029CC2C-0566-4949-9E65-FB22E04A6F9A}"
EndProject
Project("{2150E333-8FDC-42A3-9474-1A3956D46DE8}") = "UnitTests", "UnitTests", "{0418F6AF-FEE4-4469-B127-215513F5CE21}"
EndProject
Project("{FAE04EC0-301F-11D3-BF4B-00C04F79EFBC}") = "SkyWheels.Blog.UnitTest", "src\Services\BlogService\Tests\UnitTests\SkyWheels.Blog.UnitTest\SkyWheels.Blog.UnitTest.csproj", "{BAA78A55-590D-4DEB-8483-4C70796A0E1A}"
EndProject
Project("{FAE04EC0-301F-11D3-BF4B-00C04F79EFBC}") = "SkyWheels.Catalog.UnitTest", "src\Services\CatalogService\Tests\UnitTests\SkyWheels.Catalog.UnitTest\SkyWheels.Catalog.UnitTest.csproj", "{32483452-5EDC-416C-9D76-E7185D6D1A06}"
EndProject
Project("{FAE04EC0-301F-11D3-BF4B-00C04F79EFBC}") = "SkyWheels.Payment.UnitTest", "src\Services\PaymentService\Tests\UnitTests\SkyWheels.Payment.UnitTest\SkyWheels.Payment.UnitTest.csproj", "{3544B48D-715A-41F3-A993-5441E895769E}"
EndProject
Project("{FAE04EC0-301F-11D3-BF4B-00C04F79EFBC}") = "EventBus.Base", "src\BuildingBlocks\EventBus\EventBus.Base\EventBus.Base.csproj", "{5905EF2B-E0CD-44EF-AB41-ED3C168CB230}"
EndProject
Project("{FAE04EC0-301F-11D3-BF4B-00C04F79EFBC}") = "EventBus.Factory", "src\BuildingBlocks\EventBus\EventBus.Factory\EventBus.Factory.csproj", "{C3C80E22-0FF4-425D-96ED-2CE282086AFE}"
EndProject
Project("{FAE04EC0-301F-11D3-BF4B-00C04F79EFBC}") = "EventBus.RabbitMQ", "src\BuildingBlocks\EventBus\EventBus.RabbitMQ\EventBus.RabbitMQ.csproj", "{956D8AEF-C54D-4638-939D-FCD979F3B9CD}"
EndProject
Project("{2150E333-8FDC-42A3-9474-1A3956D46DE8}") = "PhotoStorageService", "PhotoStorageService", "{F75B1726-2366-434D-BEA1-09612C18B7CD}"
EndProject
Project("{FAE04EC0-301F-11D3-BF4B-00C04F79EFBC}") = "SkyWheels.PhotoStorage.API", "src\Services\PhotoStorageService\SkyWheels.PhotoStorage.API\SkyWheels.PhotoStorage.API.csproj", "{89E4070C-EDD3-463F-BE9B-E878E699F621}"
EndProject
Project("{2150E333-8FDC-42A3-9474-1A3956D46DE8}") = "SearchService", "SearchService", "{A9EF3EF4-DCBC-4205-A17E-A78E86AE1FB6}"
EndProject
Project("{FAE04EC0-301F-11D3-BF4B-00C04F79EFBC}") = "SkyWheels.Search.API", "src\Services\SearchService\SkyWheels.Search.API\SkyWheels.Search.API.csproj", "{6268D3F3-A24B-49F9-83CD-F20B00A076EA}"
EndProject
Project("{2150E333-8FDC-42A3-9474-1A3956D46DE8}") = "NotificationService", "NotificationService", "{35C0378B-C2E7-4673-BF16-1F607DADC006}"
EndProject
Project("{2150E333-8FDC-42A3-9474-1A3956D46DE8}") = "Modules", "Modules", "{E9083CFA-165A-4901-AA74-D2DF203B2A62}"
EndProject
Project("{2150E333-8FDC-42A3-9474-1A3956D46DE8}") = "Tests", "Tests", "{0CB0F1E8-69E7-4838-8A83-F92547CCA5FA}"
EndProject
Project("{2150E333-8FDC-42A3-9474-1A3956D46DE8}") = "UnitTests", "UnitTests", "{28C57826-062B-4F25-9CB0-E499EA31DD9F}"
EndProject
Project("{2150E333-8FDC-42A3-9474-1A3956D46DE8}") = "Core", "Core", "{284EB5E8-8804-4193-84B0-FD244FBC45ED}"
EndProject
Project("{2150E333-8FDC-42A3-9474-1A3956D46DE8}") = "Infrastructure", "Infrastructure", "{5725DB57-0DED-4BCB-8DFD-7BE478469F4C}"
EndProject
Project("{2150E333-8FDC-42A3-9474-1A3956D46DE8}") = "Presentation", "Presentation", "{534A578F-819E-4857-8193-C94161639566}"
EndProject
Project("{FAE04EC0-301F-11D3-BF4B-00C04F79EFBC}") = "SkyWheels.Notification.ApplicationLayer", "src\Services\NotificationService\Modules\Core\SkyWheels.Notification.ApplicationLayer\SkyWheels.Notification.ApplicationLayer.csproj", "{97115A18-E52E-4739-AB5D-97D8988197EE}"
EndProject
Project("{FAE04EC0-301F-11D3-BF4B-00C04F79EFBC}") = "SkyWheels.Notification.DomainLayer", "src\Services\NotificationService\Modules\Core\SkyWheels.Notification.DomainLayer\SkyWheels.Notification.DomainLayer.csproj", "{B752B77B-A6EC-4EF4-BB17-98DBBD0D692C}"
EndProject
Project("{FAE04EC0-301F-11D3-BF4B-00C04F79EFBC}") = "SkyWheels.Notification.PersistenceLayer", "src\Services\NotificationService\Modules\Infrastructure\SkyWheels.Notification.PersistenceLayer\SkyWheels.Notification.PersistenceLayer.csproj", "{501B667C-9B09-480D-8871-2CE065E59B0F}"
EndProject
Project("{FAE04EC0-301F-11D3-BF4B-00C04F79EFBC}") = "SkyWheels.Notification.gRPC", "src\Services\NotificationService\Modules\Presentation\SkyWheels.Notification.gRPC\SkyWheels.Notification.gRPC.csproj", "{5034978C-EAB1-4F1F-8E1C-EAD0D2C00E58}"
EndProject
Project("{FAE04EC0-301F-11D3-BF4B-00C04F79EFBC}") = "SkyWheels.Notification.UnitTest", "src\Services\NotificationService\Tests\UnitTests\SkyWheels.Notification.UnitTest\SkyWheels.Notification.UnitTest.csproj", "{F7F0ED60-EDF1-47CC-B857-3EBA5F08F74D}"
EndProject
Project("{2150E333-8FDC-42A3-9474-1A3956D46DE8}") = "Tests", "Tests", "{FE1D0DE6-7159-4ADC-A660-C4FC2F86F81E}"
EndProject
Project("{2150E333-8FDC-42A3-9474-1A3956D46DE8}") = "UnitTests", "UnitTests", "{CC94E9AD-E3D0-4BDD-932D-ACC774A8CC2C}"
EndProject
Project("{2150E333-8FDC-42A3-9474-1A3956D46DE8}") = "Tests", "Tests", "{8872CF2E-DF85-4F65-9716-275309D34D86}"
EndProject
Project("{2150E333-8FDC-42A3-9474-1A3956D46DE8}") = "UnitTests", "UnitTests", "{7CD4A963-8BD2-42EC-AA63-EF3DCB84E5D9}"
EndProject
Project("{2150E333-8FDC-42A3-9474-1A3956D46DE8}") = "Tests", "Tests", "{A3BAB123-8788-4F8C-9C25-34CC271BE068}"
EndProject
Project("{2150E333-8FDC-42A3-9474-1A3956D46DE8}") = "UnitTests", "UnitTests", "{93597CDB-60B8-4802-B977-7C6BA2A09196}"
EndProject
Project("{2150E333-8FDC-42A3-9474-1A3956D46DE8}") = "Tests", "Tests", "{63234263-C2B3-4E39-83C4-79D14927EA8E}"
EndProject
Project("{2150E333-8FDC-42A3-9474-1A3956D46DE8}") = "UnitTests", "UnitTests", "{B28996B3-4454-4DEF-A9DA-6DCD44E8F22B}"
EndProject
Project("{2150E333-8FDC-42A3-9474-1A3956D46DE8}") = "Tests", "Tests", "{E88B6705-C36B-4156-BD68-130783944FE4}"
EndProject
Project("{2150E333-8FDC-42A3-9474-1A3956D46DE8}") = "UnitTests", "UnitTests", "{F5F53415-B486-447C-A542-BF9952E61E9C}"
EndProject
Project("{2150E333-8FDC-42A3-9474-1A3956D46DE8}") = "Tests", "Tests", "{933DB7C5-817E-451C-BCA4-8C88E34406F8}"
EndProject
Project("{2150E333-8FDC-42A3-9474-1A3956D46DE8}") = "UnitTests", "UnitTests", "{A5E08E83-A9DF-4C9A-A052-8F315EE89AA6}"
EndProject
Project("{FAE04EC0-301F-11D3-BF4B-00C04F79EFBC}") = "SkyWheels.Contact.UnitTest", "src\Services\ContactService\Tests\UnitTests\SkyWheels.Contact.UnitTest\SkyWheels.Contact.UnitTest.csproj", "{F8F75BAB-C73E-4DAD-8DF0-8A1B984928E3}"
EndProject
Project("{FAE04EC0-301F-11D3-BF4B-00C04F79EFBC}") = "SkyWheels.PhotoStorage.UnitTest", "src\Services\PhotoStorageService\Tests\UnitTests\SkyWheels.PhotoStorage.UnitTest\SkyWheels.PhotoStorage.UnitTest.csproj", "{AD49A43F-C072-4C78-9B6C-6EADED81456D}"
EndProject
Project("{FAE04EC0-301F-11D3-BF4B-00C04F79EFBC}") = "SkyWheels.RentalHistory.UnitTest", "src\Services\RestalHistoryService\Tests\UnitTests\SkyWheels.RentalHistory.UnitTest\SkyWheels.RentalHistory.UnitTest.csproj", "{8573B2F0-5649-48B8-911B-ADE6898AFA87}"
EndProject
Project("{FAE04EC0-301F-11D3-BF4B-00C04F79EFBC}") = "SkyWheels.Reservation.UnitTest", "src\Services\ReservationService\Tests\UnitTests\SkyWheels.Reservation.UnitTest\SkyWheels.Reservation.UnitTest.csproj", "{381C70D1-62F5-4D04-92CD-3FA434BD48D5}"
EndProject
Project("{FAE04EC0-301F-11D3-BF4B-00C04F79EFBC}") = "SkyWheels.Search.UnitTest", "src\Services\SearchService\Tests\UnitTests\SkyWheels.Search.UnitTest\SkyWheels.Search.UnitTest.csproj", "{6D4F769B-7A30-4C8E-9F39-51F87AD18145}"
EndProject
Project("{FAE04EC0-301F-11D3-BF4B-00C04F79EFBC}") = "SkyWheels.StockManagement.UnitTest", "src\Services\StockManagementService\Tests\UnitTests\SkyWheels.StockManagement.UnitTest\SkyWheels.StockManagement.UnitTest.csproj", "{5FAEAC3C-2098-429D-8938-477B5122D43C}"
EndProject
Global
	GlobalSection(SolutionConfigurationPlatforms) = preSolution
		Debug|Any CPU = Debug|Any CPU
		Release|Any CPU = Release|Any CPU
	EndGlobalSection
	GlobalSection(ProjectConfigurationPlatforms) = postSolution
		{792F44B9-73D0-4B87-8342-7F843591D136}.Debug|Any CPU.ActiveCfg = Debug|Any CPU
		{792F44B9-73D0-4B87-8342-7F843591D136}.Debug|Any CPU.Build.0 = Debug|Any CPU
		{792F44B9-73D0-4B87-8342-7F843591D136}.Release|Any CPU.ActiveCfg = Release|Any CPU
		{792F44B9-73D0-4B87-8342-7F843591D136}.Release|Any CPU.Build.0 = Release|Any CPU
		{9FCC3258-1A10-478D-AD7A-8B387789F2BD}.Debug|Any CPU.ActiveCfg = Debug|Any CPU
		{9FCC3258-1A10-478D-AD7A-8B387789F2BD}.Debug|Any CPU.Build.0 = Debug|Any CPU
		{9FCC3258-1A10-478D-AD7A-8B387789F2BD}.Release|Any CPU.ActiveCfg = Release|Any CPU
		{9FCC3258-1A10-478D-AD7A-8B387789F2BD}.Release|Any CPU.Build.0 = Release|Any CPU
		{9EACF617-0444-4D14-961E-4FE4D4AD1475}.Debug|Any CPU.ActiveCfg = Debug|Any CPU
		{9EACF617-0444-4D14-961E-4FE4D4AD1475}.Debug|Any CPU.Build.0 = Debug|Any CPU
		{9EACF617-0444-4D14-961E-4FE4D4AD1475}.Release|Any CPU.ActiveCfg = Release|Any CPU
		{9EACF617-0444-4D14-961E-4FE4D4AD1475}.Release|Any CPU.Build.0 = Release|Any CPU
		{078BE627-F9C2-4468-981C-1F0612EFB8EE}.Debug|Any CPU.ActiveCfg = Debug|Any CPU
		{078BE627-F9C2-4468-981C-1F0612EFB8EE}.Debug|Any CPU.Build.0 = Debug|Any CPU
		{078BE627-F9C2-4468-981C-1F0612EFB8EE}.Release|Any CPU.ActiveCfg = Release|Any CPU
		{078BE627-F9C2-4468-981C-1F0612EFB8EE}.Release|Any CPU.Build.0 = Release|Any CPU
		{040D5EED-361F-4EA3-8A94-E1D239BFF0BA}.Debug|Any CPU.ActiveCfg = Debug|Any CPU
		{040D5EED-361F-4EA3-8A94-E1D239BFF0BA}.Debug|Any CPU.Build.0 = Debug|Any CPU
		{040D5EED-361F-4EA3-8A94-E1D239BFF0BA}.Release|Any CPU.ActiveCfg = Release|Any CPU
		{040D5EED-361F-4EA3-8A94-E1D239BFF0BA}.Release|Any CPU.Build.0 = Release|Any CPU
		{CA032909-A597-4EA0-93F5-9730B326406E}.Debug|Any CPU.ActiveCfg = Debug|Any CPU
		{CA032909-A597-4EA0-93F5-9730B326406E}.Debug|Any CPU.Build.0 = Debug|Any CPU
		{CA032909-A597-4EA0-93F5-9730B326406E}.Release|Any CPU.ActiveCfg = Release|Any CPU
		{CA032909-A597-4EA0-93F5-9730B326406E}.Release|Any CPU.Build.0 = Release|Any CPU
		{D0AE7CD4-6DC3-4F58-9A8D-F44334AB6718}.Debug|Any CPU.ActiveCfg = Debug|Any CPU
		{D0AE7CD4-6DC3-4F58-9A8D-F44334AB6718}.Debug|Any CPU.Build.0 = Debug|Any CPU
		{D0AE7CD4-6DC3-4F58-9A8D-F44334AB6718}.Release|Any CPU.ActiveCfg = Release|Any CPU
		{D0AE7CD4-6DC3-4F58-9A8D-F44334AB6718}.Release|Any CPU.Build.0 = Release|Any CPU
		{1B4AFD04-3C9F-4B93-9A74-8DD1971703BA}.Debug|Any CPU.ActiveCfg = Debug|Any CPU
		{1B4AFD04-3C9F-4B93-9A74-8DD1971703BA}.Debug|Any CPU.Build.0 = Debug|Any CPU
		{1B4AFD04-3C9F-4B93-9A74-8DD1971703BA}.Release|Any CPU.ActiveCfg = Release|Any CPU
		{1B4AFD04-3C9F-4B93-9A74-8DD1971703BA}.Release|Any CPU.Build.0 = Release|Any CPU
		{13EC3630-DABD-495A-B570-9B38E5C9B1FE}.Debug|Any CPU.ActiveCfg = Debug|Any CPU
		{13EC3630-DABD-495A-B570-9B38E5C9B1FE}.Debug|Any CPU.Build.0 = Debug|Any CPU
		{13EC3630-DABD-495A-B570-9B38E5C9B1FE}.Release|Any CPU.ActiveCfg = Release|Any CPU
		{13EC3630-DABD-495A-B570-9B38E5C9B1FE}.Release|Any CPU.Build.0 = Release|Any CPU
		{598E2BFD-9839-46F8-BAF1-1BBB2994B3F9}.Debug|Any CPU.ActiveCfg = Debug|Any CPU
		{598E2BFD-9839-46F8-BAF1-1BBB2994B3F9}.Debug|Any CPU.Build.0 = Debug|Any CPU
		{598E2BFD-9839-46F8-BAF1-1BBB2994B3F9}.Release|Any CPU.ActiveCfg = Release|Any CPU
		{598E2BFD-9839-46F8-BAF1-1BBB2994B3F9}.Release|Any CPU.Build.0 = Release|Any CPU
		{66E42D46-F476-485A-BE55-2818709E09B0}.Debug|Any CPU.ActiveCfg = Debug|Any CPU
		{66E42D46-F476-485A-BE55-2818709E09B0}.Debug|Any CPU.Build.0 = Debug|Any CPU
		{66E42D46-F476-485A-BE55-2818709E09B0}.Release|Any CPU.ActiveCfg = Release|Any CPU
		{66E42D46-F476-485A-BE55-2818709E09B0}.Release|Any CPU.Build.0 = Release|Any CPU
		{EAEC1C22-34ED-4AD3-BAB2-EFC8A0357D65}.Debug|Any CPU.ActiveCfg = Debug|Any CPU
		{EAEC1C22-34ED-4AD3-BAB2-EFC8A0357D65}.Debug|Any CPU.Build.0 = Debug|Any CPU
		{EAEC1C22-34ED-4AD3-BAB2-EFC8A0357D65}.Release|Any CPU.ActiveCfg = Release|Any CPU
		{EAEC1C22-34ED-4AD3-BAB2-EFC8A0357D65}.Release|Any CPU.Build.0 = Release|Any CPU
		{0F99DB87-5E9E-4963-85C8-EAEDF65E6DBE}.Debug|Any CPU.ActiveCfg = Debug|Any CPU
		{0F99DB87-5E9E-4963-85C8-EAEDF65E6DBE}.Debug|Any CPU.Build.0 = Debug|Any CPU
		{0F99DB87-5E9E-4963-85C8-EAEDF65E6DBE}.Release|Any CPU.ActiveCfg = Release|Any CPU
		{0F99DB87-5E9E-4963-85C8-EAEDF65E6DBE}.Release|Any CPU.Build.0 = Release|Any CPU
		{8A67749C-1B06-4DF3-AA6C-9BE231808B80}.Debug|Any CPU.ActiveCfg = Debug|Any CPU
		{8A67749C-1B06-4DF3-AA6C-9BE231808B80}.Debug|Any CPU.Build.0 = Debug|Any CPU
		{8A67749C-1B06-4DF3-AA6C-9BE231808B80}.Release|Any CPU.ActiveCfg = Release|Any CPU
		{8A67749C-1B06-4DF3-AA6C-9BE231808B80}.Release|Any CPU.Build.0 = Release|Any CPU
		{500F8014-6159-43FF-B1B3-3B3665B5E80F}.Debug|Any CPU.ActiveCfg = Debug|Any CPU
		{500F8014-6159-43FF-B1B3-3B3665B5E80F}.Debug|Any CPU.Build.0 = Debug|Any CPU
		{500F8014-6159-43FF-B1B3-3B3665B5E80F}.Release|Any CPU.ActiveCfg = Release|Any CPU
		{500F8014-6159-43FF-B1B3-3B3665B5E80F}.Release|Any CPU.Build.0 = Release|Any CPU
		{1EDB0F87-7272-4490-9DDE-3BBCEFADAD41}.Debug|Any CPU.ActiveCfg = Debug|Any CPU
		{1EDB0F87-7272-4490-9DDE-3BBCEFADAD41}.Debug|Any CPU.Build.0 = Debug|Any CPU
		{1EDB0F87-7272-4490-9DDE-3BBCEFADAD41}.Release|Any CPU.ActiveCfg = Release|Any CPU
		{1EDB0F87-7272-4490-9DDE-3BBCEFADAD41}.Release|Any CPU.Build.0 = Release|Any CPU
		{98077878-88B9-419F-9C2D-98496E6042F7}.Debug|Any CPU.ActiveCfg = Debug|Any CPU
		{98077878-88B9-419F-9C2D-98496E6042F7}.Debug|Any CPU.Build.0 = Debug|Any CPU
		{98077878-88B9-419F-9C2D-98496E6042F7}.Release|Any CPU.ActiveCfg = Release|Any CPU
		{98077878-88B9-419F-9C2D-98496E6042F7}.Release|Any CPU.Build.0 = Release|Any CPU
		{7029CC2C-0566-4949-9E65-FB22E04A6F9A}.Debug|Any CPU.ActiveCfg = Debug|Any CPU
		{7029CC2C-0566-4949-9E65-FB22E04A6F9A}.Debug|Any CPU.Build.0 = Debug|Any CPU
		{7029CC2C-0566-4949-9E65-FB22E04A6F9A}.Release|Any CPU.ActiveCfg = Release|Any CPU
		{7029CC2C-0566-4949-9E65-FB22E04A6F9A}.Release|Any CPU.Build.0 = Release|Any CPU
		{BAA78A55-590D-4DEB-8483-4C70796A0E1A}.Debug|Any CPU.ActiveCfg = Debug|Any CPU
		{BAA78A55-590D-4DEB-8483-4C70796A0E1A}.Debug|Any CPU.Build.0 = Debug|Any CPU
		{BAA78A55-590D-4DEB-8483-4C70796A0E1A}.Release|Any CPU.ActiveCfg = Release|Any CPU
		{BAA78A55-590D-4DEB-8483-4C70796A0E1A}.Release|Any CPU.Build.0 = Release|Any CPU
		{32483452-5EDC-416C-9D76-E7185D6D1A06}.Debug|Any CPU.ActiveCfg = Debug|Any CPU
		{32483452-5EDC-416C-9D76-E7185D6D1A06}.Debug|Any CPU.Build.0 = Debug|Any CPU
		{32483452-5EDC-416C-9D76-E7185D6D1A06}.Release|Any CPU.ActiveCfg = Release|Any CPU
		{32483452-5EDC-416C-9D76-E7185D6D1A06}.Release|Any CPU.Build.0 = Release|Any CPU
		{3544B48D-715A-41F3-A993-5441E895769E}.Debug|Any CPU.ActiveCfg = Debug|Any CPU
		{3544B48D-715A-41F3-A993-5441E895769E}.Debug|Any CPU.Build.0 = Debug|Any CPU
		{3544B48D-715A-41F3-A993-5441E895769E}.Release|Any CPU.ActiveCfg = Release|Any CPU
		{3544B48D-715A-41F3-A993-5441E895769E}.Release|Any CPU.Build.0 = Release|Any CPU
		{5905EF2B-E0CD-44EF-AB41-ED3C168CB230}.Debug|Any CPU.ActiveCfg = Debug|Any CPU
		{5905EF2B-E0CD-44EF-AB41-ED3C168CB230}.Debug|Any CPU.Build.0 = Debug|Any CPU
		{5905EF2B-E0CD-44EF-AB41-ED3C168CB230}.Release|Any CPU.ActiveCfg = Release|Any CPU
		{5905EF2B-E0CD-44EF-AB41-ED3C168CB230}.Release|Any CPU.Build.0 = Release|Any CPU
		{C3C80E22-0FF4-425D-96ED-2CE282086AFE}.Debug|Any CPU.ActiveCfg = Debug|Any CPU
		{C3C80E22-0FF4-425D-96ED-2CE282086AFE}.Debug|Any CPU.Build.0 = Debug|Any CPU
		{C3C80E22-0FF4-425D-96ED-2CE282086AFE}.Release|Any CPU.ActiveCfg = Release|Any CPU
		{C3C80E22-0FF4-425D-96ED-2CE282086AFE}.Release|Any CPU.Build.0 = Release|Any CPU
		{956D8AEF-C54D-4638-939D-FCD979F3B9CD}.Debug|Any CPU.ActiveCfg = Debug|Any CPU
		{956D8AEF-C54D-4638-939D-FCD979F3B9CD}.Debug|Any CPU.Build.0 = Debug|Any CPU
		{956D8AEF-C54D-4638-939D-FCD979F3B9CD}.Release|Any CPU.ActiveCfg = Release|Any CPU
		{956D8AEF-C54D-4638-939D-FCD979F3B9CD}.Release|Any CPU.Build.0 = Release|Any CPU
		{89E4070C-EDD3-463F-BE9B-E878E699F621}.Debug|Any CPU.ActiveCfg = Debug|Any CPU
		{89E4070C-EDD3-463F-BE9B-E878E699F621}.Debug|Any CPU.Build.0 = Debug|Any CPU
		{89E4070C-EDD3-463F-BE9B-E878E699F621}.Release|Any CPU.ActiveCfg = Release|Any CPU
		{89E4070C-EDD3-463F-BE9B-E878E699F621}.Release|Any CPU.Build.0 = Release|Any CPU
		{6268D3F3-A24B-49F9-83CD-F20B00A076EA}.Debug|Any CPU.ActiveCfg = Debug|Any CPU
		{6268D3F3-A24B-49F9-83CD-F20B00A076EA}.Debug|Any CPU.Build.0 = Debug|Any CPU
		{6268D3F3-A24B-49F9-83CD-F20B00A076EA}.Release|Any CPU.ActiveCfg = Release|Any CPU
		{6268D3F3-A24B-49F9-83CD-F20B00A076EA}.Release|Any CPU.Build.0 = Release|Any CPU
		{97115A18-E52E-4739-AB5D-97D8988197EE}.Debug|Any CPU.ActiveCfg = Debug|Any CPU
		{97115A18-E52E-4739-AB5D-97D8988197EE}.Debug|Any CPU.Build.0 = Debug|Any CPU
		{97115A18-E52E-4739-AB5D-97D8988197EE}.Release|Any CPU.ActiveCfg = Release|Any CPU
		{97115A18-E52E-4739-AB5D-97D8988197EE}.Release|Any CPU.Build.0 = Release|Any CPU
		{B752B77B-A6EC-4EF4-BB17-98DBBD0D692C}.Debug|Any CPU.ActiveCfg = Debug|Any CPU
		{B752B77B-A6EC-4EF4-BB17-98DBBD0D692C}.Debug|Any CPU.Build.0 = Debug|Any CPU
		{B752B77B-A6EC-4EF4-BB17-98DBBD0D692C}.Release|Any CPU.ActiveCfg = Release|Any CPU
		{B752B77B-A6EC-4EF4-BB17-98DBBD0D692C}.Release|Any CPU.Build.0 = Release|Any CPU
		{501B667C-9B09-480D-8871-2CE065E59B0F}.Debug|Any CPU.ActiveCfg = Debug|Any CPU
		{501B667C-9B09-480D-8871-2CE065E59B0F}.Debug|Any CPU.Build.0 = Debug|Any CPU
		{501B667C-9B09-480D-8871-2CE065E59B0F}.Release|Any CPU.ActiveCfg = Release|Any CPU
		{501B667C-9B09-480D-8871-2CE065E59B0F}.Release|Any CPU.Build.0 = Release|Any CPU
		{5034978C-EAB1-4F1F-8E1C-EAD0D2C00E58}.Debug|Any CPU.ActiveCfg = Debug|Any CPU
		{5034978C-EAB1-4F1F-8E1C-EAD0D2C00E58}.Debug|Any CPU.Build.0 = Debug|Any CPU
		{5034978C-EAB1-4F1F-8E1C-EAD0D2C00E58}.Release|Any CPU.ActiveCfg = Release|Any CPU
		{5034978C-EAB1-4F1F-8E1C-EAD0D2C00E58}.Release|Any CPU.Build.0 = Release|Any CPU
		{F7F0ED60-EDF1-47CC-B857-3EBA5F08F74D}.Debug|Any CPU.ActiveCfg = Debug|Any CPU
		{F7F0ED60-EDF1-47CC-B857-3EBA5F08F74D}.Debug|Any CPU.Build.0 = Debug|Any CPU
		{F7F0ED60-EDF1-47CC-B857-3EBA5F08F74D}.Release|Any CPU.ActiveCfg = Release|Any CPU
		{F7F0ED60-EDF1-47CC-B857-3EBA5F08F74D}.Release|Any CPU.Build.0 = Release|Any CPU
		{F8F75BAB-C73E-4DAD-8DF0-8A1B984928E3}.Debug|Any CPU.ActiveCfg = Debug|Any CPU
		{F8F75BAB-C73E-4DAD-8DF0-8A1B984928E3}.Debug|Any CPU.Build.0 = Debug|Any CPU
		{F8F75BAB-C73E-4DAD-8DF0-8A1B984928E3}.Release|Any CPU.ActiveCfg = Release|Any CPU
		{F8F75BAB-C73E-4DAD-8DF0-8A1B984928E3}.Release|Any CPU.Build.0 = Release|Any CPU
		{AD49A43F-C072-4C78-9B6C-6EADED81456D}.Debug|Any CPU.ActiveCfg = Debug|Any CPU
		{AD49A43F-C072-4C78-9B6C-6EADED81456D}.Debug|Any CPU.Build.0 = Debug|Any CPU
		{AD49A43F-C072-4C78-9B6C-6EADED81456D}.Release|Any CPU.ActiveCfg = Release|Any CPU
		{AD49A43F-C072-4C78-9B6C-6EADED81456D}.Release|Any CPU.Build.0 = Release|Any CPU
		{8573B2F0-5649-48B8-911B-ADE6898AFA87}.Debug|Any CPU.ActiveCfg = Debug|Any CPU
		{8573B2F0-5649-48B8-911B-ADE6898AFA87}.Debug|Any CPU.Build.0 = Debug|Any CPU
		{8573B2F0-5649-48B8-911B-ADE6898AFA87}.Release|Any CPU.ActiveCfg = Release|Any CPU
		{8573B2F0-5649-48B8-911B-ADE6898AFA87}.Release|Any CPU.Build.0 = Release|Any CPU
		{381C70D1-62F5-4D04-92CD-3FA434BD48D5}.Debug|Any CPU.ActiveCfg = Debug|Any CPU
		{381C70D1-62F5-4D04-92CD-3FA434BD48D5}.Debug|Any CPU.Build.0 = Debug|Any CPU
		{381C70D1-62F5-4D04-92CD-3FA434BD48D5}.Release|Any CPU.ActiveCfg = Release|Any CPU
		{381C70D1-62F5-4D04-92CD-3FA434BD48D5}.Release|Any CPU.Build.0 = Release|Any CPU
		{6D4F769B-7A30-4C8E-9F39-51F87AD18145}.Debug|Any CPU.ActiveCfg = Debug|Any CPU
		{6D4F769B-7A30-4C8E-9F39-51F87AD18145}.Debug|Any CPU.Build.0 = Debug|Any CPU
		{6D4F769B-7A30-4C8E-9F39-51F87AD18145}.Release|Any CPU.ActiveCfg = Release|Any CPU
		{6D4F769B-7A30-4C8E-9F39-51F87AD18145}.Release|Any CPU.Build.0 = Release|Any CPU
		{5FAEAC3C-2098-429D-8938-477B5122D43C}.Debug|Any CPU.ActiveCfg = Debug|Any CPU
		{5FAEAC3C-2098-429D-8938-477B5122D43C}.Debug|Any CPU.Build.0 = Debug|Any CPU
		{5FAEAC3C-2098-429D-8938-477B5122D43C}.Release|Any CPU.ActiveCfg = Release|Any CPU
		{5FAEAC3C-2098-429D-8938-477B5122D43C}.Release|Any CPU.Build.0 = Release|Any CPU
	EndGlobalSection
	GlobalSection(SolutionProperties) = preSolution
		HideSolutionNode = FALSE
	EndGlobalSection
	GlobalSection(NestedProjects) = preSolution
		{4422C5DE-412C-4E91-B8E5-1A0963BE683C} = {15780D57-DF90-4F15-9C43-416AFE28C8F3}
		{D4E467E6-D712-4021-A7EA-75C49B696D30} = {15780D57-DF90-4F15-9C43-416AFE28C8F3}
		{630062D6-27EE-4DA5-A4CF-C16D409FA569} = {15780D57-DF90-4F15-9C43-416AFE28C8F3}
		{1F451B1E-4B03-4442-A5D7-D0B195D569B5} = {15780D57-DF90-4F15-9C43-416AFE28C8F3}
		{D77CC0E2-03FA-4AEE-B916-615E3295A754} = {630062D6-27EE-4DA5-A4CF-C16D409FA569}
		{0CCF41E3-E2DA-4CE8-A295-2F380EB07D7E} = {4422C5DE-412C-4E91-B8E5-1A0963BE683C}
		{07031A62-6457-4614-8EA0-09140E3681EF} = {1F451B1E-4B03-4442-A5D7-D0B195D569B5}
		{6E15451A-1D59-4262-8DDD-D3F2AE7CE5E4} = {1F451B1E-4B03-4442-A5D7-D0B195D569B5}
		{5C64CDFA-B814-49C8-9B76-3F6D6FDC2381} = {D4E467E6-D712-4021-A7EA-75C49B696D30}
		{10EF7C19-C8D0-49B4-ACF7-326C8FA7DA2A} = {D4E467E6-D712-4021-A7EA-75C49B696D30}
		{9296E4F1-503F-4FB2-9062-C32920C3825F} = {D4E467E6-D712-4021-A7EA-75C49B696D30}
		{1E754147-478F-472B-8B5D-1EF345FFBBE1} = {D4E467E6-D712-4021-A7EA-75C49B696D30}
		{328620C8-477B-4726-A9B4-5EA3F24C028B} = {D4E467E6-D712-4021-A7EA-75C49B696D30}
		{08A8B031-3ACA-4CC2-BF5C-5E60A107106E} = {D4E467E6-D712-4021-A7EA-75C49B696D30}
		{387B5ECD-9FFE-4137-8F2A-65D03FEB9F68} = {D4E467E6-D712-4021-A7EA-75C49B696D30}
		{792F44B9-73D0-4B87-8342-7F843591D136} = {387B5ECD-9FFE-4137-8F2A-65D03FEB9F68}
		{9FCC3258-1A10-478D-AD7A-8B387789F2BD} = {1E754147-478F-472B-8B5D-1EF345FFBBE1}
		{9EACF617-0444-4D14-961E-4FE4D4AD1475} = {328620C8-477B-4726-A9B4-5EA3F24C028B}
		{078BE627-F9C2-4468-981C-1F0612EFB8EE} = {07031A62-6457-4614-8EA0-09140E3681EF}
		{040D5EED-361F-4EA3-8A94-E1D239BFF0BA} = {9296E4F1-503F-4FB2-9062-C32920C3825F}
		{CA032909-A597-4EA0-93F5-9730B326406E} = {0CCF41E3-E2DA-4CE8-A295-2F380EB07D7E}
		{6673C77A-CDF6-4259-8F05-4ACFE25C910C} = {10EF7C19-C8D0-49B4-ACF7-326C8FA7DA2A}
		{3DC433A7-4C47-4713-929F-54692DD7C994} = {6673C77A-CDF6-4259-8F05-4ACFE25C910C}
		{03B41E5D-18D5-4FB1-8F9B-B5B03B1A3F66} = {6673C77A-CDF6-4259-8F05-4ACFE25C910C}
		{A22DD707-B227-4EDC-AE6E-BCF30298EECB} = {6673C77A-CDF6-4259-8F05-4ACFE25C910C}
		{69A18548-DAF5-4EBA-8F68-A69F1C8D2458} = {10EF7C19-C8D0-49B4-ACF7-326C8FA7DA2A}
		{9C07E6EE-7729-4D83-A31F-68F0E1FB43CB} = {6673C77A-CDF6-4259-8F05-4ACFE25C910C}
		{D0AE7CD4-6DC3-4F58-9A8D-F44334AB6718} = {9C07E6EE-7729-4D83-A31F-68F0E1FB43CB}
		{1B4AFD04-3C9F-4B93-9A74-8DD1971703BA} = {03B41E5D-18D5-4FB1-8F9B-B5B03B1A3F66}
		{13EC3630-DABD-495A-B570-9B38E5C9B1FE} = {3DC433A7-4C47-4713-929F-54692DD7C994}
		{598E2BFD-9839-46F8-BAF1-1BBB2994B3F9} = {A22DD707-B227-4EDC-AE6E-BCF30298EECB}
		{849DFAED-7A0B-4393-8AF0-DA6F271A9799} = {69A18548-DAF5-4EBA-8F68-A69F1C8D2458}
		{2E27835C-5A80-453E-9D32-1BCB79905B13} = {5C64CDFA-B814-49C8-9B76-3F6D6FDC2381}
		{18B1E26A-CEED-4178-89C7-924302208013} = {5C64CDFA-B814-49C8-9B76-3F6D6FDC2381}
		{20A7B3FC-DD25-4556-80A7-B1CBA5DB5536} = {18B1E26A-CEED-4178-89C7-924302208013}
		{6BD12E7C-A742-4F64-8C3A-6F5E4855B0A1} = {2E27835C-5A80-453E-9D32-1BCB79905B13}
		{3E74A81B-B740-4C8F-AF4C-B14841113298} = {2E27835C-5A80-453E-9D32-1BCB79905B13}
		{E2576980-C16E-4B18-8CCF-BDC36EDB58D5} = {2E27835C-5A80-453E-9D32-1BCB79905B13}
		{12C2E2D9-F4CF-4567-AA22-49A1A0F42F24} = {2E27835C-5A80-453E-9D32-1BCB79905B13}
		{66E42D46-F476-485A-BE55-2818709E09B0} = {3E74A81B-B740-4C8F-AF4C-B14841113298}
		{EAEC1C22-34ED-4AD3-BAB2-EFC8A0357D65} = {6BD12E7C-A742-4F64-8C3A-6F5E4855B0A1}
		{0F99DB87-5E9E-4963-85C8-EAEDF65E6DBE} = {E2576980-C16E-4B18-8CCF-BDC36EDB58D5}
		{8A67749C-1B06-4DF3-AA6C-9BE231808B80} = {12C2E2D9-F4CF-4567-AA22-49A1A0F42F24}
		{09816D93-4164-4ED7-9C1E-8951E1BA6618} = {08A8B031-3ACA-4CC2-BF5C-5E60A107106E}
		{15F3C452-59BE-4A07-A55B-9C0D9F2DD5F3} = {08A8B031-3ACA-4CC2-BF5C-5E60A107106E}
		{7F763F30-F9C5-4685-9C31-0F9BB9E13842} = {09816D93-4164-4ED7-9C1E-8951E1BA6618}
		{0D0E7932-186F-471F-82B5-8BC08DD9031D} = {09816D93-4164-4ED7-9C1E-8951E1BA6618}
		{E0E269B1-6D79-43E5-951B-EAA21B2AE1B9} = {09816D93-4164-4ED7-9C1E-8951E1BA6618}
		{19F75D00-02ED-42B4-B21A-8D3CB1578E03} = {09816D93-4164-4ED7-9C1E-8951E1BA6618}
		{500F8014-6159-43FF-B1B3-3B3665B5E80F} = {7F763F30-F9C5-4685-9C31-0F9BB9E13842}
		{1EDB0F87-7272-4490-9DDE-3BBCEFADAD41} = {0D0E7932-186F-471F-82B5-8BC08DD9031D}
		{98077878-88B9-419F-9C2D-98496E6042F7} = {E0E269B1-6D79-43E5-951B-EAA21B2AE1B9}
		{7029CC2C-0566-4949-9E65-FB22E04A6F9A} = {19F75D00-02ED-42B4-B21A-8D3CB1578E03}
		{0418F6AF-FEE4-4469-B127-215513F5CE21} = {15F3C452-59BE-4A07-A55B-9C0D9F2DD5F3}
		{BAA78A55-590D-4DEB-8483-4C70796A0E1A} = {849DFAED-7A0B-4393-8AF0-DA6F271A9799}
		{32483452-5EDC-416C-9D76-E7185D6D1A06} = {20A7B3FC-DD25-4556-80A7-B1CBA5DB5536}
		{3544B48D-715A-41F3-A993-5441E895769E} = {0418F6AF-FEE4-4469-B127-215513F5CE21}
		{5905EF2B-E0CD-44EF-AB41-ED3C168CB230} = {D77CC0E2-03FA-4AEE-B916-615E3295A754}
		{C3C80E22-0FF4-425D-96ED-2CE282086AFE} = {D77CC0E2-03FA-4AEE-B916-615E3295A754}
		{956D8AEF-C54D-4638-939D-FCD979F3B9CD} = {D77CC0E2-03FA-4AEE-B916-615E3295A754}
		{F75B1726-2366-434D-BEA1-09612C18B7CD} = {D4E467E6-D712-4021-A7EA-75C49B696D30}
		{89E4070C-EDD3-463F-BE9B-E878E699F621} = {F75B1726-2366-434D-BEA1-09612C18B7CD}
		{A9EF3EF4-DCBC-4205-A17E-A78E86AE1FB6} = {D4E467E6-D712-4021-A7EA-75C49B696D30}
		{6268D3F3-A24B-49F9-83CD-F20B00A076EA} = {A9EF3EF4-DCBC-4205-A17E-A78E86AE1FB6}
		{35C0378B-C2E7-4673-BF16-1F607DADC006} = {D4E467E6-D712-4021-A7EA-75C49B696D30}
		{E9083CFA-165A-4901-AA74-D2DF203B2A62} = {35C0378B-C2E7-4673-BF16-1F607DADC006}
		{0CB0F1E8-69E7-4838-8A83-F92547CCA5FA} = {35C0378B-C2E7-4673-BF16-1F607DADC006}
		{28C57826-062B-4F25-9CB0-E499EA31DD9F} = {0CB0F1E8-69E7-4838-8A83-F92547CCA5FA}
		{284EB5E8-8804-4193-84B0-FD244FBC45ED} = {E9083CFA-165A-4901-AA74-D2DF203B2A62}
		{5725DB57-0DED-4BCB-8DFD-7BE478469F4C} = {E9083CFA-165A-4901-AA74-D2DF203B2A62}
		{534A578F-819E-4857-8193-C94161639566} = {E9083CFA-165A-4901-AA74-D2DF203B2A62}
		{97115A18-E52E-4739-AB5D-97D8988197EE} = {284EB5E8-8804-4193-84B0-FD244FBC45ED}
		{B752B77B-A6EC-4EF4-BB17-98DBBD0D692C} = {284EB5E8-8804-4193-84B0-FD244FBC45ED}
		{501B667C-9B09-480D-8871-2CE065E59B0F} = {5725DB57-0DED-4BCB-8DFD-7BE478469F4C}
		{5034978C-EAB1-4F1F-8E1C-EAD0D2C00E58} = {534A578F-819E-4857-8193-C94161639566}
		{F7F0ED60-EDF1-47CC-B857-3EBA5F08F74D} = {28C57826-062B-4F25-9CB0-E499EA31DD9F}
		{FE1D0DE6-7159-4ADC-A660-C4FC2F86F81E} = {9296E4F1-503F-4FB2-9062-C32920C3825F}
		{CC94E9AD-E3D0-4BDD-932D-ACC774A8CC2C} = {FE1D0DE6-7159-4ADC-A660-C4FC2F86F81E}
		{8872CF2E-DF85-4F65-9716-275309D34D86} = {F75B1726-2366-434D-BEA1-09612C18B7CD}
		{7CD4A963-8BD2-42EC-AA63-EF3DCB84E5D9} = {8872CF2E-DF85-4F65-9716-275309D34D86}
		{A3BAB123-8788-4F8C-9C25-34CC271BE068} = {387B5ECD-9FFE-4137-8F2A-65D03FEB9F68}
		{93597CDB-60B8-4802-B977-7C6BA2A09196} = {A3BAB123-8788-4F8C-9C25-34CC271BE068}
		{63234263-C2B3-4E39-83C4-79D14927EA8E} = {1E754147-478F-472B-8B5D-1EF345FFBBE1}
		{B28996B3-4454-4DEF-A9DA-6DCD44E8F22B} = {63234263-C2B3-4E39-83C4-79D14927EA8E}
		{E88B6705-C36B-4156-BD68-130783944FE4} = {A9EF3EF4-DCBC-4205-A17E-A78E86AE1FB6}
		{F5F53415-B486-447C-A542-BF9952E61E9C} = {E88B6705-C36B-4156-BD68-130783944FE4}
		{933DB7C5-817E-451C-BCA4-8C88E34406F8} = {328620C8-477B-4726-A9B4-5EA3F24C028B}
		{A5E08E83-A9DF-4C9A-A052-8F315EE89AA6} = {933DB7C5-817E-451C-BCA4-8C88E34406F8}
		{F8F75BAB-C73E-4DAD-8DF0-8A1B984928E3} = {CC94E9AD-E3D0-4BDD-932D-ACC774A8CC2C}
		{AD49A43F-C072-4C78-9B6C-6EADED81456D} = {7CD4A963-8BD2-42EC-AA63-EF3DCB84E5D9}
		{8573B2F0-5649-48B8-911B-ADE6898AFA87} = {93597CDB-60B8-4802-B977-7C6BA2A09196}
		{381C70D1-62F5-4D04-92CD-3FA434BD48D5} = {B28996B3-4454-4DEF-A9DA-6DCD44E8F22B}
		{6D4F769B-7A30-4C8E-9F39-51F87AD18145} = {F5F53415-B486-447C-A542-BF9952E61E9C}
		{5FAEAC3C-2098-429D-8938-477B5122D43C} = {A5E08E83-A9DF-4C9A-A052-8F315EE89AA6}
	EndGlobalSection
EndGlobal
